
Microsoft Visual Studio Solution File, Format Version 12.00
# Visual Studio 15
VisualStudioVersion = 15.0.28307.271
MinimumVisualStudioVersion = 10.0.40219.1
Project("{FAE04EC0-301F-11D3-BF4B-00C04F79EFBC}") = "TrianguloTarea1", "TrianguloTarea1\TrianguloTarea1.csproj", "{09986DCC-1610-437A-AD1E-064FB2DEAC15}"
EndProject
Global
	GlobalSection(SolutionConfigurationPlatforms) = preSolution
		Debug|Any CPU = Debug|Any CPU
		Release|Any CPU = Release|Any CPU
	EndGlobalSection
	GlobalSection(ProjectConfigurationPlatforms) = postSolution
		{09986DCC-1610-437A-AD1E-064FB2DEAC15}.Debug|Any CPU.ActiveCfg = Debug|Any CPU
		{09986DCC-1610-437A-AD1E-064FB2DEAC15}.Debug|Any CPU.Build.0 = Debug|Any CPU
		{09986DCC-1610-437A-AD1E-064FB2DEAC15}.Release|Any CPU.ActiveCfg = Release|Any CPU
		{09986DCC-1610-437A-AD1E-064FB2DEAC15}.Release|Any CPU.Build.0 = Release|Any CPU
	EndGlobalSection
	GlobalSection(SolutionProperties) = preSolution
		HideSolutionNode = FALSE
	EndGlobalSection
	GlobalSection(ExtensibilityGlobals) = postSolution
		SolutionGuid = {48D8BEC3-0740-43D3-AC30-3DCE4AA6E937}
	EndGlobalSection
EndGlobal
